# THIS IS AN AUTOGENERATED FILE. DO NOT EDIT THIS FILE DIRECTLY.
# yarn lockfile v1


"@isaacs/balanced-match@^4.0.1":
  version "4.0.1"
  resolved "https://registry.npmjs.org/@isaacs/balanced-match/-/balanced-match-4.0.1.tgz"
  integrity sha512-yzMTt9lEb8Gv7zRioUilSglI0c0smZ9k5D65677DLWLtWJaXIS3CqcGyUFByYKlnUj6TkjLVs54fBl6+TiGQDQ==

"@isaacs/brace-expansion@^5.0.0":
  version "5.0.0"
  resolved "https://registry.npmjs.org/@isaacs/brace-expansion/-/brace-expansion-5.0.0.tgz"
  integrity sha512-ZT55BDLV0yv0RBm2czMiZ+SqCGO7AvmOM3G/w2xhVPH+te0aKgFjmBvGlL1dH+ql2tgGO3MVrbb3jCKyvpgnxA==
  dependencies:
    "@isaacs/balanced-match" "^4.0.1"

"@ts-morph/common@~0.28.1":
  version "0.28.1"
  resolved "https://registry.npmjs.org/@ts-morph/common/-/common-0.28.1.tgz"
  integrity sha512-W74iWf7ILp1ZKNYXY5qbddNaml7e9Sedv5lvU1V8lftlitkc9Pq1A+jlH23ltDgWYeZFFEqGCD1Ies9hqu3O+g==
  dependencies:
    minimatch "^10.0.1"
    path-browserify "^1.0.1"
    tinyglobby "^0.2.14"

"@types/node@^24.7.0":
  version "24.10.0"
  resolved "https://registry.npmjs.org/@types/node/-/node-24.10.0.tgz"
  integrity sha512-qzQZRBqkFsYyaSWXuEHc2WR9c0a0CXwiE5FWUvn7ZM+vdy1uZLfCunD38UzhuB7YN/J11ndbDBcTmOdxJo9Q7A==
  dependencies:
    undici-types "~7.16.0"

code-block-writer@^13.0.3:
  version "13.0.3"
  resolved "https://registry.npmjs.org/code-block-writer/-/code-block-writer-13.0.3.tgz"
  integrity sha512-Oofo0pq3IKnsFtuHqSF7TqBfr71aeyZDVJ0HpmqB7FBM2qEigL0iPONSCZSO9pE9dZTAxANe5XHG9Uy0YMv8cg==

fdir@^6.5.0:
  version "6.5.0"
  resolved "https://registry.npmjs.org/fdir/-/fdir-6.5.0.tgz"
  integrity sha512-tIbYtZbucOs0BRGqPJkshJUYdL+SDH7dVM8gjy+ERp3WAUjLEFJE+02kanyHtwjWOnwrKYBiwAmM0p4kLJAnXg==

minimatch@^10.0.1:
  version "10.1.1"
  resolved "https://registry.npmjs.org/minimatch/-/minimatch-10.1.1.tgz"
  integrity sha512-enIvLvRAFZYXJzkCYG5RKmPfrFArdLv+R+lbQ53BmIMLIry74bjKzX6iHAm8WYamJkhSSEabrWN5D97XnKObjQ==
  dependencies:
    "@isaacs/brace-expansion" "^5.0.0"

node-bin-setup@^1.0.0:
  version "1.1.4"
  resolved "https://registry.npmjs.org/node-bin-setup/-/node-bin-setup-1.1.4.tgz"
  integrity sha512-vWNHOne0ZUavArqPP5LJta50+S8R261Fr5SvGul37HbEDcowvLjwdvd0ZeSr0r2lTSrPxl6okq9QUw8BFGiAxA==

node@^24.9.0:
  version "24.11.0"
  resolved "https://registry.npmjs.org/node/-/node-24.11.0.tgz"
  integrity sha512-pGLc7hd4xh0doDpnHC5+PL09WLUDKFoBFsC28341AYhHjzTDbNSwY+2615tYY6YFO2WQUKit4yqTwzIHaaityg==
  dependencies:
    node-bin-setup "^1.0.0"

path-browserify@^1.0.1:
  version "1.0.1"
  resolved "https://registry.npmjs.org/path-browserify/-/path-browserify-1.0.1.tgz"
  integrity sha512-b7uo2UCUOYZcnF/3ID0lulOJi/bafxa1xPe7ZPsammBSpjSWQkjNxlt635YGS2MiR9GjvuXCtz2emr3jbsz98g==

picomatch@^4.0.3:
  version "4.0.3"
  resolved "https://registry.npmjs.org/picomatch/-/picomatch-4.0.3.tgz"
  integrity sha512-5gTmgEY/sqK6gFXLIsQNH19lWb4ebPDLA4SdLP7dsWkIXHWlG66oPuVvXSGFPppYZz8ZDZq0dYYrbHfBCVUb1Q==

tinyglobby@^0.2.14:
  version "0.2.15"
  resolved "https://registry.npmjs.org/tinyglobby/-/tinyglobby-0.2.15.tgz"
  integrity sha512-j2Zq4NyQYG5XMST4cbs02Ak8iJUdxRM0XI5QyxXuZOzKOINmWurp3smXu3y5wDcJrptwpSjgXHzIQxR0omXljQ==
  dependencies:
    fdir "^6.5.0"
    picomatch "^4.0.3"

ts-morph@^27.0.0:
  version "27.0.2"
  resolved "https://registry.npmjs.org/ts-morph/-/ts-morph-27.0.2.tgz"
  integrity sha512-fhUhgeljcrdZ+9DZND1De1029PrE+cMkIP7ooqkLRTrRLTqcki2AstsyJm0vRNbTbVCNJ0idGlbBrfqc7/nA8w==
  dependencies:
    "@ts-morph/common" "~0.28.1"
    code-block-writer "^13.0.3"

typescript@^5.9.3:
  version "5.9.3"
  resolved "https://registry.npmjs.org/typescript/-/typescript-5.9.3.tgz"
  integrity sha512-jl1vZzPDinLr9eUt3J/t7V6FgNEw9QjvBPdysz9KfQDD41fQrC2Y4vKQdiaUpFT4bXlb1RHhLpp8wtm6M5TgSw==

undici-types@~7.16.0:
  version "7.16.0"
  resolved "https://registry.npmjs.org/undici-types/-/undici-types-7.16.0.tgz"
  integrity sha512-Zz+aZWSj8LE6zoxD+xrjh4VfkIG8Ya6LvYkZqtUQGJPZjYl53ypCaUwWqo7eI0x66KBGeRo+mlBEkMSeSZ38Nw==
