# THIS IS AN AUTOGENERATED FILE. DO NOT EDIT THIS FILE DIRECTLY.
# yarn lockfile v1


"@isaacs/balanced-match@^4.0.1":
  version "4.0.1"
  resolved "https://registry.yarnpkg.com/@isaacs/balanced-match/-/balanced-match-4.0.1.tgz#3081dadbc3460661b751e7591d7faea5df39dd29"
  integrity sha512-yzMTt9lEb8Gv7zRioUilSglI0c0smZ9k5D65677DLWLtWJaXIS3CqcGyUFByYKlnUj6TkjLVs54fBl6+TiGQDQ==

"@isaacs/brace-expansion@^5.0.0":
  version "5.0.0"
  resolved "https://registry.yarnpkg.com/@isaacs/brace-expansion/-/brace-expansion-5.0.0.tgz#4b3dabab7d8e75a429414a96bd67bf4c1d13e0f3"
  integrity sha512-ZT55BDLV0yv0RBm2czMiZ+SqCGO7AvmOM3G/w2xhVPH+te0aKgFjmBvGlL1dH+ql2tgGO3MVrbb3jCKyvpgnxA==
  dependencies:
    "@isaacs/balanced-match" "^4.0.1"

"@ts-morph/common@~0.28.1":
  version "0.28.1"
  resolved "https://registry.yarnpkg.com/@ts-morph/common/-/common-0.28.1.tgz#10ec52182d5c310832b669af7784a34fc3da3ca1"
  integrity sha512-W74iWf7ILp1ZKNYXY5qbddNaml7e9Sedv5lvU1V8lftlitkc9Pq1A+jlH23ltDgWYeZFFEqGCD1Ies9hqu3O+g==
  dependencies:
    minimatch "^10.0.1"
    path-browserify "^1.0.1"
    tinyglobby "^0.2.14"

"@types/node@^24.7.0":
  version "24.10.0"
  resolved "https://registry.yarnpkg.com/@types/node/-/node-24.10.0.tgz#6b79086b0dfc54e775a34ba8114dcc4e0221f31f"
  integrity sha512-qzQZRBqkFsYyaSWXuEHc2WR9c0a0CXwiE5FWUvn7ZM+vdy1uZLfCunD38UzhuB7YN/J11ndbDBcTmOdxJo9Q7A==
  dependencies:
    undici-types "~7.16.0"

code-block-writer@^13.0.3:
  version "13.0.3"
  resolved "https://registry.yarnpkg.com/code-block-writer/-/code-block-writer-13.0.3.tgz#90f8a84763a5012da7af61319dd638655ae90b5b"
  integrity sha512-Oofo0pq3IKnsFtuHqSF7TqBfr71aeyZDVJ0HpmqB7FBM2qEigL0iPONSCZSO9pE9dZTAxANe5XHG9Uy0YMv8cg==

fdir@^6.5.0:
  version "6.5.0"
  resolved "https://registry.yarnpkg.com/fdir/-/fdir-6.5.0.tgz#ed2ab967a331ade62f18d077dae192684d50d350"
  integrity sha512-tIbYtZbucOs0BRGqPJkshJUYdL+SDH7dVM8gjy+ERp3WAUjLEFJE+02kanyHtwjWOnwrKYBiwAmM0p4kLJAnXg==

minimatch@^10.0.1:
  version "10.1.1"
  resolved "https://registry.yarnpkg.com/minimatch/-/minimatch-10.1.1.tgz#e6e61b9b0c1dcab116b5a7d1458e8b6ae9e73a55"
  integrity sha512-enIvLvRAFZYXJzkCYG5RKmPfrFArdLv+R+lbQ53BmIMLIry74bjKzX6iHAm8WYamJkhSSEabrWN5D97XnKObjQ==
  dependencies:
    "@isaacs/brace-expansion" "^5.0.0"

node-bin-setup@^1.0.0:
  version "1.1.4"
  resolved "https://registry.yarnpkg.com/node-bin-setup/-/node-bin-setup-1.1.4.tgz#e5a666044152b54d8d84b95297977ae07fd04047"
  integrity sha512-vWNHOne0ZUavArqPP5LJta50+S8R261Fr5SvGul37HbEDcowvLjwdvd0ZeSr0r2lTSrPxl6okq9QUw8BFGiAxA==

node@^24.9.0:
  version "24.11.0"
  resolved "https://registry.yarnpkg.com/node/-/node-24.11.0.tgz#7ba71ea22ab021b968bc4ab61a4b2f265b01b06c"
  integrity sha512-pGLc7hd4xh0doDpnHC5+PL09WLUDKFoBFsC28341AYhHjzTDbNSwY+2615tYY6YFO2WQUKit4yqTwzIHaaityg==
  dependencies:
    node-bin-setup "^1.0.0"

path-browserify@^1.0.1:
  version "1.0.1"
  resolved "https://registry.yarnpkg.com/path-browserify/-/path-browserify-1.0.1.tgz#d98454a9c3753d5790860f16f68867b9e46be1fd"
  integrity sha512-b7uo2UCUOYZcnF/3ID0lulOJi/bafxa1xPe7ZPsammBSpjSWQkjNxlt635YGS2MiR9GjvuXCtz2emr3jbsz98g==

picomatch@^4.0.3:
  version "4.0.3"
  resolved "https://registry.yarnpkg.com/picomatch/-/picomatch-4.0.3.tgz#796c76136d1eead715db1e7bad785dedd695a042"
  integrity sha512-5gTmgEY/sqK6gFXLIsQNH19lWb4ebPDLA4SdLP7dsWkIXHWlG66oPuVvXSGFPppYZz8ZDZq0dYYrbHfBCVUb1Q==

tinyglobby@^0.2.14:
  version "0.2.15"
  resolved "https://registry.yarnpkg.com/tinyglobby/-/tinyglobby-0.2.15.tgz#e228dd1e638cea993d2fdb4fcd2d4602a79951c2"
  integrity sha512-j2Zq4NyQYG5XMST4cbs02Ak8iJUdxRM0XI5QyxXuZOzKOINmWurp3smXu3y5wDcJrptwpSjgXHzIQxR0omXljQ==
  dependencies:
    fdir "^6.5.0"
    picomatch "^4.0.3"

ts-morph@^27.0.0:
  version "27.0.2"
  resolved "https://registry.yarnpkg.com/ts-morph/-/ts-morph-27.0.2.tgz#7b2fcce6822eeca3942fa6c601f159d5920b1422"
  integrity sha512-fhUhgeljcrdZ+9DZND1De1029PrE+cMkIP7ooqkLRTrRLTqcki2AstsyJm0vRNbTbVCNJ0idGlbBrfqc7/nA8w==
  dependencies:
    "@ts-morph/common" "~0.28.1"
    code-block-writer "^13.0.3"

typescript@^5.9.3:
  version "5.9.3"
  resolved "https://registry.yarnpkg.com/typescript/-/typescript-5.9.3.tgz#5b4f59e15310ab17a216f5d6cf53ee476ede670f"
  integrity sha512-jl1vZzPDinLr9eUt3J/t7V6FgNEw9QjvBPdysz9KfQDD41fQrC2Y4vKQdiaUpFT4bXlb1RHhLpp8wtm6M5TgSw==

undici-types@~7.16.0:
  version "7.16.0"
  resolved "https://registry.yarnpkg.com/undici-types/-/undici-types-7.16.0.tgz#ffccdff36aea4884cbfce9a750a0580224f58a46"
  integrity sha512-Zz+aZWSj8LE6zoxD+xrjh4VfkIG8Ya6LvYkZqtUQGJPZjYl53ypCaUwWqo7eI0x66KBGeRo+mlBEkMSeSZ38Nw==
